
Microsoft Visual Studio Solution File, Format Version 12.00
# Visual Studio Version 16
VisualStudioVersion = 16.0.34407.143
MinimumVisualStudioVersion = 10.0.40219.1
Project("{FAE04EC0-301F-11D3-BF4B-00C04F79EFBC}") = "AbstactrFactorydesignpattern", "AbstactrFactorydesignpattern\AbstactrFactorydesignpattern.csproj", "{7A65707A-1FA8-4C19-833B-D65B49A5BCF3}"
EndProject
Global
	GlobalSection(SolutionConfigurationPlatforms) = preSolution
		Debug|Any CPU = Debug|Any CPU
		Release|Any CPU = Release|Any CPU
	EndGlobalSection
	GlobalSection(ProjectConfigurationPlatforms) = postSolution
		{7A65707A-1FA8-4C19-833B-D65B49A5BCF3}.Debug|Any CPU.ActiveCfg = Debug|Any CPU
		{7A65707A-1FA8-4C19-833B-D65B49A5BCF3}.Debug|Any CPU.Build.0 = Debug|Any CPU
		{7A65707A-1FA8-4C19-833B-D65B49A5BCF3}.Release|Any CPU.ActiveCfg = Release|Any CPU
		{7A65707A-1FA8-4C19-833B-D65B49A5BCF3}.Release|Any CPU.Build.0 = Release|Any CPU
	EndGlobalSection
	GlobalSection(SolutionProperties) = preSolution
		HideSolutionNode = FALSE
	EndGlobalSection
	GlobalSection(ExtensibilityGlobals) = postSolution
		SolutionGuid = {4C6F8427-0790-4EE0-9B84-FA307F06D44F}
	EndGlobalSection
EndGlobal
